
Microsoft Visual Studio Solution File, Format Version 12.00
# Visual Studio Version 16
VisualStudioVersion = 16.0.30114.105
MinimumVisualStudioVersion = 10.0.40219.1
Project("{9A19103F-16F7-4668-BE54-9A1E7A4F7556}") = "R5T.S0034", "R5T.S0034\R5T.S0034.csproj", "{CE28A5CE-F492-4429-A658-23E3A2D2238D}"
EndProject
Project("{2150E333-8FDC-42A3-9474-1A3956D46DE8}") = "_Dependencies", "_Dependencies", "{3E9D7B75-AB36-452C-8262-EE069A82F939}"
EndProject
Project("{9A19103F-16F7-4668-BE54-9A1E7A4F7556}") = "R5T.S0034.Lib", "R5T.S0034.Lib\R5T.S0034.Lib.csproj", "{23B1B079-BD1F-450A-8D53-6FA6AFE6CA84}"
EndProject
Project("{9A19103F-16F7-4668-BE54-9A1E7A4F7556}") = "R5T.Magyar", "..\..\R5T.Magyar\source\R5T.Magyar\R5T.Magyar.csproj", "{92101E28-C7C4-4B2D-B383-AF04AA4F33B0}"
EndProject
Project("{9A19103F-16F7-4668-BE54-9A1E7A4F7556}") = "R5T.F0006", "..\..\R5T.F0006\source\R5T.F0006\R5T.F0006.csproj", "{6428DB41-619A-404C-9B67-8BD9DD4C9716}"
EndProject
Project("{9A19103F-16F7-4668-BE54-9A1E7A4F7556}") = "R5T.B0006.X0003", "..\..\R5T.B0006.X0003\source\R5T.B0006.X0003\R5T.B0006.X0003.csproj", "{A8A8E201-3737-46B4-86B6-274B93EB47E0}"
EndProject
Project("{9A19103F-16F7-4668-BE54-9A1E7A4F7556}") = "R5T.B0006", "..\..\R5T.B0006\source\R5T.B0006\R5T.B0006.csproj", "{0B54F785-B2AF-471D-B0C2-6F6029032894}"
EndProject
Project("{9A19103F-16F7-4668-BE54-9A1E7A4F7556}") = "R5T.F0000", "..\..\R5T.F0000\source\R5T.F0000\R5T.F0000.csproj", "{9B4EF359-EAB5-474D-9295-6E7DDAA49709}"
EndProject
Project("{9A19103F-16F7-4668-BE54-9A1E7A4F7556}") = "R5T.F0003", "..\..\R5T.F0003\source\R5T.F0003\R5T.F0003.csproj", "{1EE94AC3-6F67-4603-BE16-0E4DF82FEEC9}"
EndProject
Project("{9A19103F-16F7-4668-BE54-9A1E7A4F7556}") = "R5T.F0005", "..\..\R5T.F0005\source\R5T.F0005\R5T.F0005.csproj", "{D5291685-5FB4-4730-B7EA-7C0EDAF260DC}"
EndProject
Project("{9A19103F-16F7-4668-BE54-9A1E7A4F7556}") = "R5T.L0011", "..\..\R5T.L0011\source\R5T.L0011\R5T.L0011.csproj", "{39969169-3BB3-4D02-81B2-5EB5787DEC6D}"
EndProject
Project("{9A19103F-16F7-4668-BE54-9A1E7A4F7556}") = "R5T.L0053", "..\..\R5T.L0053\source\R5T.L0053\R5T.L0053.csproj", "{302637AB-7D28-4C93-BFDD-B7F9E3593944}"
EndProject
Project("{9A19103F-16F7-4668-BE54-9A1E7A4F7556}") = "R5T.L0066", "..\..\R5T.L0066\source\R5T.L0066\R5T.L0066.csproj", "{B3A4FCEC-CDD0-46F5-B3B2-175A4AAF63E9}"
EndProject
Project("{9A19103F-16F7-4668-BE54-9A1E7A4F7556}") = "R5T.T0039.T002", "..\..\R5T.T0039\source\R5T.T0039.T002\R5T.T0039.T002.csproj", "{EFD65339-8EBC-4D79-8A61-CB6C092D52C6}"
EndProject
Project("{9A19103F-16F7-4668-BE54-9A1E7A4F7556}") = "R5T.T0131", "..\..\R5T.T0131\source\R5T.T0131\R5T.T0131.csproj", "{61E0ECAA-CC9A-4A50-BDF2-384172ADE702}"
EndProject
Project("{9A19103F-16F7-4668-BE54-9A1E7A4F7556}") = "R5T.T0132", "..\..\R5T.T0132\source\R5T.T0132\R5T.T0132.csproj", "{476E5CEC-8F89-4BA2-B03B-6A069EDEAA54}"
EndProject
Project("{9A19103F-16F7-4668-BE54-9A1E7A4F7556}") = "R5T.T0142", "..\..\R5T.T0142\source\R5T.T0142\R5T.T0142.csproj", "{07E68EC2-B41D-4C1E-AC65-B2AAD9ED764A}"
EndProject
Project("{9A19103F-16F7-4668-BE54-9A1E7A4F7556}") = "R5T.T0143", "..\..\R5T.T0143\source\R5T.T0143\R5T.T0143.csproj", "{5A832531-9583-4A76-9F93-15A37696D2CC}"
EndProject
Project("{9A19103F-16F7-4668-BE54-9A1E7A4F7556}") = "R5T.T0156", "..\..\R5T.T0156\source\R5T.T0156\R5T.T0156.csproj", "{B986AF8F-D352-4F40-AF5D-ED9D497E4DC1}"
EndProject
Project("{9A19103F-16F7-4668-BE54-9A1E7A4F7556}") = "R5T.T0221", "..\..\R5T.T0221\source\R5T.T0221\R5T.T0221.csproj", "{656AE73D-A465-4352-B42B-B902E658A55E}"
EndProject
Project("{9A19103F-16F7-4668-BE54-9A1E7A4F7556}") = "R5T.X0005", "..\..\R5T.X0005\source\R5T.X0005\R5T.X0005.csproj", "{8B38B94E-D6FA-4A08-9C27-2B3B355D8C6E}"
EndProject
Project("{9A19103F-16F7-4668-BE54-9A1E7A4F7556}") = "R5T.Y0000", "..\..\R5T.Y0000\source\R5T.Y0000\R5T.Y0000.csproj", "{CF1F3315-2DCC-4581-BAEE-2DC9806E56EC}"
EndProject
Project("{9A19103F-16F7-4668-BE54-9A1E7A4F7556}") = "R5T.Y0006", "..\..\R5T.Y0006\source\R5T.Y0006\R5T.Y0006.csproj", "{22CC9932-BAA5-4A1B-9CA2-0BAB342DC003}"
EndProject
Project("{9A19103F-16F7-4668-BE54-9A1E7A4F7556}") = "R5T.Z0000", "..\..\R5T.Z0000\source\R5T.Z0000\R5T.Z0000.csproj", "{8CFED147-F970-440D-8A7A-40A9EB021A4F}"
EndProject
Project("{9A19103F-16F7-4668-BE54-9A1E7A4F7556}") = "R5T.Z0010.Platform", "..\..\R5T.Z0010\source\R5T.Z0010.Platform\R5T.Z0010.Platform.csproj", "{08E42850-631C-4DFB-8875-88B4EDADEB72}"
EndProject
Global
	GlobalSection(NestedProjects) = preSolution
		{92101E28-C7C4-4B2D-B383-AF04AA4F33B0} = {3E9D7B75-AB36-452C-8262-EE069A82F939}
		{6428DB41-619A-404C-9B67-8BD9DD4C9716} = {3E9D7B75-AB36-452C-8262-EE069A82F939}
		{A8A8E201-3737-46B4-86B6-274B93EB47E0} = {3E9D7B75-AB36-452C-8262-EE069A82F939}
		{0B54F785-B2AF-471D-B0C2-6F6029032894} = {3E9D7B75-AB36-452C-8262-EE069A82F939}
		{9B4EF359-EAB5-474D-9295-6E7DDAA49709} = {3E9D7B75-AB36-452C-8262-EE069A82F939}
		{1EE94AC3-6F67-4603-BE16-0E4DF82FEEC9} = {3E9D7B75-AB36-452C-8262-EE069A82F939}
		{D5291685-5FB4-4730-B7EA-7C0EDAF260DC} = {3E9D7B75-AB36-452C-8262-EE069A82F939}
		{39969169-3BB3-4D02-81B2-5EB5787DEC6D} = {3E9D7B75-AB36-452C-8262-EE069A82F939}
		{302637AB-7D28-4C93-BFDD-B7F9E3593944} = {3E9D7B75-AB36-452C-8262-EE069A82F939}
		{B3A4FCEC-CDD0-46F5-B3B2-175A4AAF63E9} = {3E9D7B75-AB36-452C-8262-EE069A82F939}
		{EFD65339-8EBC-4D79-8A61-CB6C092D52C6} = {3E9D7B75-AB36-452C-8262-EE069A82F939}
		{61E0ECAA-CC9A-4A50-BDF2-384172ADE702} = {3E9D7B75-AB36-452C-8262-EE069A82F939}
		{476E5CEC-8F89-4BA2-B03B-6A069EDEAA54} = {3E9D7B75-AB36-452C-8262-EE069A82F939}
		{07E68EC2-B41D-4C1E-AC65-B2AAD9ED764A} = {3E9D7B75-AB36-452C-8262-EE069A82F939}
		{5A832531-9583-4A76-9F93-15A37696D2CC} = {3E9D7B75-AB36-452C-8262-EE069A82F939}
		{B986AF8F-D352-4F40-AF5D-ED9D497E4DC1} = {3E9D7B75-AB36-452C-8262-EE069A82F939}
		{656AE73D-A465-4352-B42B-B902E658A55E} = {3E9D7B75-AB36-452C-8262-EE069A82F939}
		{8B38B94E-D6FA-4A08-9C27-2B3B355D8C6E} = {3E9D7B75-AB36-452C-8262-EE069A82F939}
		{CF1F3315-2DCC-4581-BAEE-2DC9806E56EC} = {3E9D7B75-AB36-452C-8262-EE069A82F939}
		{22CC9932-BAA5-4A1B-9CA2-0BAB342DC003} = {3E9D7B75-AB36-452C-8262-EE069A82F939}
		{8CFED147-F970-440D-8A7A-40A9EB021A4F} = {3E9D7B75-AB36-452C-8262-EE069A82F939}
		{08E42850-631C-4DFB-8875-88B4EDADEB72} = {3E9D7B75-AB36-452C-8262-EE069A82F939}
	EndGlobalSection
	GlobalSection(SolutionConfigurationPlatforms) = preSolution
		Debug|Any CPU = Debug|Any CPU
		Debug|x64 = Debug|x64
		Debug|x86 = Debug|x86
		Release|Any CPU = Release|Any CPU
		Release|x64 = Release|x64
		Release|x86 = Release|x86
	EndGlobalSection
	GlobalSection(ProjectConfigurationPlatforms) = postSolution
		{CE28A5CE-F492-4429-A658-23E3A2D2238D}.Debug|Any CPU.ActiveCfg = Debug|Any CPU
		{CE28A5CE-F492-4429-A658-23E3A2D2238D}.Debug|Any CPU.Build.0 = Debug|Any CPU
		{CE28A5CE-F492-4429-A658-23E3A2D2238D}.Debug|x64.ActiveCfg = Debug|Any CPU
		{CE28A5CE-F492-4429-A658-23E3A2D2238D}.Debug|x64.Build.0 = Debug|Any CPU
		{CE28A5CE-F492-4429-A658-23E3A2D2238D}.Debug|x86.ActiveCfg = Debug|Any CPU
		{CE28A5CE-F492-4429-A658-23E3A2D2238D}.Debug|x86.Build.0 = Debug|Any CPU
		{CE28A5CE-F492-4429-A658-23E3A2D2238D}.Release|Any CPU.ActiveCfg = Release|Any CPU
		{CE28A5CE-F492-4429-A658-23E3A2D2238D}.Release|Any CPU.Build.0 = Release|Any CPU
		{CE28A5CE-F492-4429-A658-23E3A2D2238D}.Release|x64.ActiveCfg = Release|Any CPU
		{CE28A5CE-F492-4429-A658-23E3A2D2238D}.Release|x64.Build.0 = Release|Any CPU
		{CE28A5CE-F492-4429-A658-23E3A2D2238D}.Release|x86.ActiveCfg = Release|Any CPU
		{CE28A5CE-F492-4429-A658-23E3A2D2238D}.Release|x86.Build.0 = Release|Any CPU
		{23B1B079-BD1F-450A-8D53-6FA6AFE6CA84}.Debug|Any CPU.ActiveCfg = Debug|Any CPU
		{23B1B079-BD1F-450A-8D53-6FA6AFE6CA84}.Debug|Any CPU.Build.0 = Debug|Any CPU
		{23B1B079-BD1F-450A-8D53-6FA6AFE6CA84}.Debug|x64.ActiveCfg = Debug|Any CPU
		{23B1B079-BD1F-450A-8D53-6FA6AFE6CA84}.Debug|x64.Build.0 = Debug|Any CPU
		{23B1B079-BD1F-450A-8D53-6FA6AFE6CA84}.Debug|x86.ActiveCfg = Debug|Any CPU
		{23B1B079-BD1F-450A-8D53-6FA6AFE6CA84}.Debug|x86.Build.0 = Debug|Any CPU
		{23B1B079-BD1F-450A-8D53-6FA6AFE6CA84}.Release|Any CPU.ActiveCfg = Release|Any CPU
		{23B1B079-BD1F-450A-8D53-6FA6AFE6CA84}.Release|Any CPU.Build.0 = Release|Any CPU
		{23B1B079-BD1F-450A-8D53-6FA6AFE6CA84}.Release|x64.ActiveCfg = Release|Any CPU
		{23B1B079-BD1F-450A-8D53-6FA6AFE6CA84}.Release|x64.Build.0 = Release|Any CPU
		{23B1B079-BD1F-450A-8D53-6FA6AFE6CA84}.Release|x86.ActiveCfg = Release|Any CPU
		{23B1B079-BD1F-450A-8D53-6FA6AFE6CA84}.Release|x86.Build.0 = Release|Any CPU
		{92101E28-C7C4-4B2D-B383-AF04AA4F33B0}.Debug|Any CPU.ActiveCfg = Debug|Any CPU
		{92101E28-C7C4-4B2D-B383-AF04AA4F33B0}.Debug|Any CPU.Build.0 = Debug|Any CPU
		{92101E28-C7C4-4B2D-B383-AF04AA4F33B0}.Debug|x64.ActiveCfg = Debug|Any CPU
		{92101E28-C7C4-4B2D-B383-AF04AA4F33B0}.Debug|x64.Build.0 = Debug|Any CPU
		{92101E28-C7C4-4B2D-B383-AF04AA4F33B0}.Debug|x86.ActiveCfg = Debug|Any CPU
		{92101E28-C7C4-4B2D-B383-AF04AA4F33B0}.Debug|x86.Build.0 = Debug|Any CPU
		{92101E28-C7C4-4B2D-B383-AF04AA4F33B0}.Release|Any CPU.ActiveCfg = Release|Any CPU
		{92101E28-C7C4-4B2D-B383-AF04AA4F33B0}.Release|Any CPU.Build.0 = Release|Any CPU
		{92101E28-C7C4-4B2D-B383-AF04AA4F33B0}.Release|x64.ActiveCfg = Release|Any CPU
		{92101E28-C7C4-4B2D-B383-AF04AA4F33B0}.Release|x64.Build.0 = Release|Any CPU
		{92101E28-C7C4-4B2D-B383-AF04AA4F33B0}.Release|x86.ActiveCfg = Release|Any CPU
		{92101E28-C7C4-4B2D-B383-AF04AA4F33B0}.Release|x86.Build.0 = Release|Any CPU
		{6428DB41-619A-404C-9B67-8BD9DD4C9716}.Debug|Any CPU.ActiveCfg = Debug|Any CPU
		{6428DB41-619A-404C-9B67-8BD9DD4C9716}.Debug|Any CPU.Build.0 = Debug|Any CPU
		{6428DB41-619A-404C-9B67-8BD9DD4C9716}.Debug|x64.ActiveCfg = Debug|Any CPU
		{6428DB41-619A-404C-9B67-8BD9DD4C9716}.Debug|x64.Build.0 = Debug|Any CPU
		{6428DB41-619A-404C-9B67-8BD9DD4C9716}.Debug|x86.ActiveCfg = Debug|Any CPU
		{6428DB41-619A-404C-9B67-8BD9DD4C9716}.Debug|x86.Build.0 = Debug|Any CPU
		{6428DB41-619A-404C-9B67-8BD9DD4C9716}.Release|Any CPU.ActiveCfg = Release|Any CPU
		{6428DB41-619A-404C-9B67-8BD9DD4C9716}.Release|Any CPU.Build.0 = Release|Any CPU
		{6428DB41-619A-404C-9B67-8BD9DD4C9716}.Release|x64.ActiveCfg = Release|Any CPU
		{6428DB41-619A-404C-9B67-8BD9DD4C9716}.Release|x64.Build.0 = Release|Any CPU
		{6428DB41-619A-404C-9B67-8BD9DD4C9716}.Release|x86.ActiveCfg = Release|Any CPU
		{6428DB41-619A-404C-9B67-8BD9DD4C9716}.Release|x86.Build.0 = Release|Any CPU
		{A8A8E201-3737-46B4-86B6-274B93EB47E0}.Debug|Any CPU.ActiveCfg = Debug|Any CPU
		{A8A8E201-3737-46B4-86B6-274B93EB47E0}.Debug|Any CPU.Build.0 = Debug|Any CPU
		{A8A8E201-3737-46B4-86B6-274B93EB47E0}.Debug|x64.ActiveCfg = Debug|Any CPU
		{A8A8E201-3737-46B4-86B6-274B93EB47E0}.Debug|x64.Build.0 = Debug|Any CPU
		{A8A8E201-3737-46B4-86B6-274B93EB47E0}.Debug|x86.ActiveCfg = Debug|Any CPU
		{A8A8E201-3737-46B4-86B6-274B93EB47E0}.Debug|x86.Build.0 = Debug|Any CPU
		{A8A8E201-3737-46B4-86B6-274B93EB47E0}.Release|Any CPU.ActiveCfg = Release|Any CPU
		{A8A8E201-3737-46B4-86B6-274B93EB47E0}.Release|Any CPU.Build.0 = Release|Any CPU
		{A8A8E201-3737-46B4-86B6-274B93EB47E0}.Release|x64.ActiveCfg = Release|Any CPU
		{A8A8E201-3737-46B4-86B6-274B93EB47E0}.Release|x64.Build.0 = Release|Any CPU
		{A8A8E201-3737-46B4-86B6-274B93EB47E0}.Release|x86.ActiveCfg = Release|Any CPU
		{A8A8E201-3737-46B4-86B6-274B93EB47E0}.Release|x86.Build.0 = Release|Any CPU
		{0B54F785-B2AF-471D-B0C2-6F6029032894}.Debug|Any CPU.ActiveCfg = Debug|Any CPU
		{0B54F785-B2AF-471D-B0C2-6F6029032894}.Debug|Any CPU.Build.0 = Debug|Any CPU
		{0B54F785-B2AF-471D-B0C2-6F6029032894}.Debug|x64.ActiveCfg = Debug|Any CPU
		{0B54F785-B2AF-471D-B0C2-6F6029032894}.Debug|x64.Build.0 = Debug|Any CPU
		{0B54F785-B2AF-471D-B0C2-6F6029032894}.Debug|x86.ActiveCfg = Debug|Any CPU
		{0B54F785-B2AF-471D-B0C2-6F6029032894}.Debug|x86.Build.0 = Debug|Any CPU
		{0B54F785-B2AF-471D-B0C2-6F6029032894}.Release|Any CPU.ActiveCfg = Release|Any CPU
		{0B54F785-B2AF-471D-B0C2-6F6029032894}.Release|Any CPU.Build.0 = Release|Any CPU
		{0B54F785-B2AF-471D-B0C2-6F6029032894}.Release|x64.ActiveCfg = Release|Any CPU
		{0B54F785-B2AF-471D-B0C2-6F6029032894}.Release|x64.Build.0 = Release|Any CPU
		{0B54F785-B2AF-471D-B0C2-6F6029032894}.Release|x86.ActiveCfg = Release|Any CPU
		{0B54F785-B2AF-471D-B0C2-6F6029032894}.Release|x86.Build.0 = Release|Any CPU
		{9B4EF359-EAB5-474D-9295-6E7DDAA49709}.Debug|Any CPU.ActiveCfg = Debug|Any CPU
		{9B4EF359-EAB5-474D-9295-6E7DDAA49709}.Debug|Any CPU.Build.0 = Debug|Any CPU
		{9B4EF359-EAB5-474D-9295-6E7DDAA49709}.Debug|x64.ActiveCfg = Debug|Any CPU
		{9B4EF359-EAB5-474D-9295-6E7DDAA49709}.Debug|x64.Build.0 = Debug|Any CPU
		{9B4EF359-EAB5-474D-9295-6E7DDAA49709}.Debug|x86.ActiveCfg = Debug|Any CPU
		{9B4EF359-EAB5-474D-9295-6E7DDAA49709}.Debug|x86.Build.0 = Debug|Any CPU
		{9B4EF359-EAB5-474D-9295-6E7DDAA49709}.Release|Any CPU.ActiveCfg = Release|Any CPU
		{9B4EF359-EAB5-474D-9295-6E7DDAA49709}.Release|Any CPU.Build.0 = Release|Any CPU
		{9B4EF359-EAB5-474D-9295-6E7DDAA49709}.Release|x64.ActiveCfg = Release|Any CPU
		{9B4EF359-EAB5-474D-9295-6E7DDAA49709}.Release|x64.Build.0 = Release|Any CPU
		{9B4EF359-EAB5-474D-9295-6E7DDAA49709}.Release|x86.ActiveCfg = Release|Any CPU
		{9B4EF359-EAB5-474D-9295-6E7DDAA49709}.Release|x86.Build.0 = Release|Any CPU
		{1EE94AC3-6F67-4603-BE16-0E4DF82FEEC9}.Debug|Any CPU.ActiveCfg = Debug|Any CPU
		{1EE94AC3-6F67-4603-BE16-0E4DF82FEEC9}.Debug|Any CPU.Build.0 = Debug|Any CPU
		{1EE94AC3-6F67-4603-BE16-0E4DF82FEEC9}.Debug|x64.ActiveCfg = Debug|Any CPU
		{1EE94AC3-6F67-4603-BE16-0E4DF82FEEC9}.Debug|x64.Build.0 = Debug|Any CPU
		{1EE94AC3-6F67-4603-BE16-0E4DF82FEEC9}.Debug|x86.ActiveCfg = Debug|Any CPU
		{1EE94AC3-6F67-4603-BE16-0E4DF82FEEC9}.Debug|x86.Build.0 = Debug|Any CPU
		{1EE94AC3-6F67-4603-BE16-0E4DF82FEEC9}.Release|Any CPU.ActiveCfg = Release|Any CPU
		{1EE94AC3-6F67-4603-BE16-0E4DF82FEEC9}.Release|Any CPU.Build.0 = Release|Any CPU
		{1EE94AC3-6F67-4603-BE16-0E4DF82FEEC9}.Release|x64.ActiveCfg = Release|Any CPU
		{1EE94AC3-6F67-4603-BE16-0E4DF82FEEC9}.Release|x64.Build.0 = Release|Any CPU
		{1EE94AC3-6F67-4603-BE16-0E4DF82FEEC9}.Release|x86.ActiveCfg = Release|Any CPU
		{1EE94AC3-6F67-4603-BE16-0E4DF82FEEC9}.Release|x86.Build.0 = Release|Any CPU
		{D5291685-5FB4-4730-B7EA-7C0EDAF260DC}.Debug|Any CPU.ActiveCfg = Debug|Any CPU
		{D5291685-5FB4-4730-B7EA-7C0EDAF260DC}.Debug|Any CPU.Build.0 = Debug|Any CPU
		{D5291685-5FB4-4730-B7EA-7C0EDAF260DC}.Debug|x64.ActiveCfg = Debug|Any CPU
		{D5291685-5FB4-4730-B7EA-7C0EDAF260DC}.Debug|x64.Build.0 = Debug|Any CPU
		{D5291685-5FB4-4730-B7EA-7C0EDAF260DC}.Debug|x86.ActiveCfg = Debug|Any CPU
		{D5291685-5FB4-4730-B7EA-7C0EDAF260DC}.Debug|x86.Build.0 = Debug|Any CPU
		{D5291685-5FB4-4730-B7EA-7C0EDAF260DC}.Release|Any CPU.ActiveCfg = Release|Any CPU
		{D5291685-5FB4-4730-B7EA-7C0EDAF260DC}.Release|Any CPU.Build.0 = Release|Any CPU
		{D5291685-5FB4-4730-B7EA-7C0EDAF260DC}.Release|x64.ActiveCfg = Release|Any CPU
		{D5291685-5FB4-4730-B7EA-7C0EDAF260DC}.Release|x64.Build.0 = Release|Any CPU
		{D5291685-5FB4-4730-B7EA-7C0EDAF260DC}.Release|x86.ActiveCfg = Release|Any CPU
		{D5291685-5FB4-4730-B7EA-7C0EDAF260DC}.Release|x86.Build.0 = Release|Any CPU
		{39969169-3BB3-4D02-81B2-5EB5787DEC6D}.Debug|Any CPU.ActiveCfg = Debug|Any CPU
		{39969169-3BB3-4D02-81B2-5EB5787DEC6D}.Debug|Any CPU.Build.0 = Debug|Any CPU
		{39969169-3BB3-4D02-81B2-5EB5787DEC6D}.Debug|x64.ActiveCfg = Debug|Any CPU
		{39969169-3BB3-4D02-81B2-5EB5787DEC6D}.Debug|x64.Build.0 = Debug|Any CPU
		{39969169-3BB3-4D02-81B2-5EB5787DEC6D}.Debug|x86.ActiveCfg = Debug|Any CPU
		{39969169-3BB3-4D02-81B2-5EB5787DEC6D}.Debug|x86.Build.0 = Debug|Any CPU
		{39969169-3BB3-4D02-81B2-5EB5787DEC6D}.Release|Any CPU.ActiveCfg = Release|Any CPU
		{39969169-3BB3-4D02-81B2-5EB5787DEC6D}.Release|Any CPU.Build.0 = Release|Any CPU
		{39969169-3BB3-4D02-81B2-5EB5787DEC6D}.Release|x64.ActiveCfg = Release|Any CPU
		{39969169-3BB3-4D02-81B2-5EB5787DEC6D}.Release|x64.Build.0 = Release|Any CPU
		{39969169-3BB3-4D02-81B2-5EB5787DEC6D}.Release|x86.ActiveCfg = Release|Any CPU
		{39969169-3BB3-4D02-81B2-5EB5787DEC6D}.Release|x86.Build.0 = Release|Any CPU
		{302637AB-7D28-4C93-BFDD-B7F9E3593944}.Debug|Any CPU.ActiveCfg = Debug|Any CPU
		{302637AB-7D28-4C93-BFDD-B7F9E3593944}.Debug|Any CPU.Build.0 = Debug|Any CPU
		{302637AB-7D28-4C93-BFDD-B7F9E3593944}.Debug|x64.ActiveCfg = Debug|Any CPU
		{302637AB-7D28-4C93-BFDD-B7F9E3593944}.Debug|x64.Build.0 = Debug|Any CPU
		{302637AB-7D28-4C93-BFDD-B7F9E3593944}.Debug|x86.ActiveCfg = Debug|Any CPU
		{302637AB-7D28-4C93-BFDD-B7F9E3593944}.Debug|x86.Build.0 = Debug|Any CPU
		{302637AB-7D28-4C93-BFDD-B7F9E3593944}.Release|Any CPU.ActiveCfg = Release|Any CPU
		{302637AB-7D28-4C93-BFDD-B7F9E3593944}.Release|Any CPU.Build.0 = Release|Any CPU
		{302637AB-7D28-4C93-BFDD-B7F9E3593944}.Release|x64.ActiveCfg = Release|Any CPU
		{302637AB-7D28-4C93-BFDD-B7F9E3593944}.Release|x64.Build.0 = Release|Any CPU
		{302637AB-7D28-4C93-BFDD-B7F9E3593944}.Release|x86.ActiveCfg = Release|Any CPU
		{302637AB-7D28-4C93-BFDD-B7F9E3593944}.Release|x86.Build.0 = Release|Any CPU
		{B3A4FCEC-CDD0-46F5-B3B2-175A4AAF63E9}.Debug|Any CPU.ActiveCfg = Debug|Any CPU
		{B3A4FCEC-CDD0-46F5-B3B2-175A4AAF63E9}.Debug|Any CPU.Build.0 = Debug|Any CPU
		{B3A4FCEC-CDD0-46F5-B3B2-175A4AAF63E9}.Debug|x64.ActiveCfg = Debug|Any CPU
		{B3A4FCEC-CDD0-46F5-B3B2-175A4AAF63E9}.Debug|x64.Build.0 = Debug|Any CPU
		{B3A4FCEC-CDD0-46F5-B3B2-175A4AAF63E9}.Debug|x86.ActiveCfg = Debug|Any CPU
		{B3A4FCEC-CDD0-46F5-B3B2-175A4AAF63E9}.Debug|x86.Build.0 = Debug|Any CPU
		{B3A4FCEC-CDD0-46F5-B3B2-175A4AAF63E9}.Release|Any CPU.ActiveCfg = Release|Any CPU
		{B3A4FCEC-CDD0-46F5-B3B2-175A4AAF63E9}.Release|Any CPU.Build.0 = Release|Any CPU
		{B3A4FCEC-CDD0-46F5-B3B2-175A4AAF63E9}.Release|x64.ActiveCfg = Release|Any CPU
		{B3A4FCEC-CDD0-46F5-B3B2-175A4AAF63E9}.Release|x64.Build.0 = Release|Any CPU
		{B3A4FCEC-CDD0-46F5-B3B2-175A4AAF63E9}.Release|x86.ActiveCfg = Release|Any CPU
		{B3A4FCEC-CDD0-46F5-B3B2-175A4AAF63E9}.Release|x86.Build.0 = Release|Any CPU
		{EFD65339-8EBC-4D79-8A61-CB6C092D52C6}.Debug|Any CPU.ActiveCfg = Debug|Any CPU
		{EFD65339-8EBC-4D79-8A61-CB6C092D52C6}.Debug|Any CPU.Build.0 = Debug|Any CPU
		{EFD65339-8EBC-4D79-8A61-CB6C092D52C6}.Debug|x64.ActiveCfg = Debug|Any CPU
		{EFD65339-8EBC-4D79-8A61-CB6C092D52C6}.Debug|x64.Build.0 = Debug|Any CPU
		{EFD65339-8EBC-4D79-8A61-CB6C092D52C6}.Debug|x86.ActiveCfg = Debug|Any CPU
		{EFD65339-8EBC-4D79-8A61-CB6C092D52C6}.Debug|x86.Build.0 = Debug|Any CPU
		{EFD65339-8EBC-4D79-8A61-CB6C092D52C6}.Release|Any CPU.ActiveCfg = Release|Any CPU
		{EFD65339-8EBC-4D79-8A61-CB6C092D52C6}.Release|Any CPU.Build.0 = Release|Any CPU
		{EFD65339-8EBC-4D79-8A61-CB6C092D52C6}.Release|x64.ActiveCfg = Release|Any CPU
		{EFD65339-8EBC-4D79-8A61-CB6C092D52C6}.Release|x64.Build.0 = Release|Any CPU
		{EFD65339-8EBC-4D79-8A61-CB6C092D52C6}.Release|x86.ActiveCfg = Release|Any CPU
		{EFD65339-8EBC-4D79-8A61-CB6C092D52C6}.Release|x86.Build.0 = Release|Any CPU
		{61E0ECAA-CC9A-4A50-BDF2-384172ADE702}.Debug|Any CPU.ActiveCfg = Debug|Any CPU
		{61E0ECAA-CC9A-4A50-BDF2-384172ADE702}.Debug|Any CPU.Build.0 = Debug|Any CPU
		{61E0ECAA-CC9A-4A50-BDF2-384172ADE702}.Debug|x64.ActiveCfg = Debug|Any CPU
		{61E0ECAA-CC9A-4A50-BDF2-384172ADE702}.Debug|x64.Build.0 = Debug|Any CPU
		{61E0ECAA-CC9A-4A50-BDF2-384172ADE702}.Debug|x86.ActiveCfg = Debug|Any CPU
		{61E0ECAA-CC9A-4A50-BDF2-384172ADE702}.Debug|x86.Build.0 = Debug|Any CPU
		{61E0ECAA-CC9A-4A50-BDF2-384172ADE702}.Release|Any CPU.ActiveCfg = Release|Any CPU
		{61E0ECAA-CC9A-4A50-BDF2-384172ADE702}.Release|Any CPU.Build.0 = Release|Any CPU
		{61E0ECAA-CC9A-4A50-BDF2-384172ADE702}.Release|x64.ActiveCfg = Release|Any CPU
		{61E0ECAA-CC9A-4A50-BDF2-384172ADE702}.Release|x64.Build.0 = Release|Any CPU
		{61E0ECAA-CC9A-4A50-BDF2-384172ADE702}.Release|x86.ActiveCfg = Release|Any CPU
		{61E0ECAA-CC9A-4A50-BDF2-384172ADE702}.Release|x86.Build.0 = Release|Any CPU
		{476E5CEC-8F89-4BA2-B03B-6A069EDEAA54}.Debug|Any CPU.ActiveCfg = Debug|Any CPU
		{476E5CEC-8F89-4BA2-B03B-6A069EDEAA54}.Debug|Any CPU.Build.0 = Debug|Any CPU
		{476E5CEC-8F89-4BA2-B03B-6A069EDEAA54}.Debug|x64.ActiveCfg = Debug|Any CPU
		{476E5CEC-8F89-4BA2-B03B-6A069EDEAA54}.Debug|x64.Build.0 = Debug|Any CPU
		{476E5CEC-8F89-4BA2-B03B-6A069EDEAA54}.Debug|x86.ActiveCfg = Debug|Any CPU
		{476E5CEC-8F89-4BA2-B03B-6A069EDEAA54}.Debug|x86.Build.0 = Debug|Any CPU
		{476E5CEC-8F89-4BA2-B03B-6A069EDEAA54}.Release|Any CPU.ActiveCfg = Release|Any CPU
		{476E5CEC-8F89-4BA2-B03B-6A069EDEAA54}.Release|Any CPU.Build.0 = Release|Any CPU
		{476E5CEC-8F89-4BA2-B03B-6A069EDEAA54}.Release|x64.ActiveCfg = Release|Any CPU
		{476E5CEC-8F89-4BA2-B03B-6A069EDEAA54}.Release|x64.Build.0 = Release|Any CPU
		{476E5CEC-8F89-4BA2-B03B-6A069EDEAA54}.Release|x86.ActiveCfg = Release|Any CPU
		{476E5CEC-8F89-4BA2-B03B-6A069EDEAA54}.Release|x86.Build.0 = Release|Any CPU
		{07E68EC2-B41D-4C1E-AC65-B2AAD9ED764A}.Debug|Any CPU.ActiveCfg = Debug|Any CPU
		{07E68EC2-B41D-4C1E-AC65-B2AAD9ED764A}.Debug|Any CPU.Build.0 = Debug|Any CPU
		{07E68EC2-B41D-4C1E-AC65-B2AAD9ED764A}.Debug|x64.ActiveCfg = Debug|Any CPU
		{07E68EC2-B41D-4C1E-AC65-B2AAD9ED764A}.Debug|x64.Build.0 = Debug|Any CPU
		{07E68EC2-B41D-4C1E-AC65-B2AAD9ED764A}.Debug|x86.ActiveCfg = Debug|Any CPU
		{07E68EC2-B41D-4C1E-AC65-B2AAD9ED764A}.Debug|x86.Build.0 = Debug|Any CPU
		{07E68EC2-B41D-4C1E-AC65-B2AAD9ED764A}.Release|Any CPU.ActiveCfg = Release|Any CPU
		{07E68EC2-B41D-4C1E-AC65-B2AAD9ED764A}.Release|Any CPU.Build.0 = Release|Any CPU
		{07E68EC2-B41D-4C1E-AC65-B2AAD9ED764A}.Release|x64.ActiveCfg = Release|Any CPU
		{07E68EC2-B41D-4C1E-AC65-B2AAD9ED764A}.Release|x64.Build.0 = Release|Any CPU
		{07E68EC2-B41D-4C1E-AC65-B2AAD9ED764A}.Release|x86.ActiveCfg = Release|Any CPU
		{07E68EC2-B41D-4C1E-AC65-B2AAD9ED764A}.Release|x86.Build.0 = Release|Any CPU
		{5A832531-9583-4A76-9F93-15A37696D2CC}.Debug|Any CPU.ActiveCfg = Debug|Any CPU
		{5A832531-9583-4A76-9F93-15A37696D2CC}.Debug|Any CPU.Build.0 = Debug|Any CPU
		{5A832531-9583-4A76-9F93-15A37696D2CC}.Debug|x64.ActiveCfg = Debug|Any CPU
		{5A832531-9583-4A76-9F93-15A37696D2CC}.Debug|x64.Build.0 = Debug|Any CPU
		{5A832531-9583-4A76-9F93-15A37696D2CC}.Debug|x86.ActiveCfg = Debug|Any CPU
		{5A832531-9583-4A76-9F93-15A37696D2CC}.Debug|x86.Build.0 = Debug|Any CPU
		{5A832531-9583-4A76-9F93-15A37696D2CC}.Release|Any CPU.ActiveCfg = Release|Any CPU
		{5A832531-9583-4A76-9F93-15A37696D2CC}.Release|Any CPU.Build.0 = Release|Any CPU
		{5A832531-9583-4A76-9F93-15A37696D2CC}.Release|x64.ActiveCfg = Release|Any CPU
		{5A832531-9583-4A76-9F93-15A37696D2CC}.Release|x64.Build.0 = Release|Any CPU
		{5A832531-9583-4A76-9F93-15A37696D2CC}.Release|x86.ActiveCfg = Release|Any CPU
		{5A832531-9583-4A76-9F93-15A37696D2CC}.Release|x86.Build.0 = Release|Any CPU
		{B986AF8F-D352-4F40-AF5D-ED9D497E4DC1}.Debug|Any CPU.ActiveCfg = Debug|Any CPU
		{B986AF8F-D352-4F40-AF5D-ED9D497E4DC1}.Debug|Any CPU.Build.0 = Debug|Any CPU
		{B986AF8F-D352-4F40-AF5D-ED9D497E4DC1}.Debug|x64.ActiveCfg = Debug|Any CPU
		{B986AF8F-D352-4F40-AF5D-ED9D497E4DC1}.Debug|x64.Build.0 = Debug|Any CPU
		{B986AF8F-D352-4F40-AF5D-ED9D497E4DC1}.Debug|x86.ActiveCfg = Debug|Any CPU
		{B986AF8F-D352-4F40-AF5D-ED9D497E4DC1}.Debug|x86.Build.0 = Debug|Any CPU
		{B986AF8F-D352-4F40-AF5D-ED9D497E4DC1}.Release|Any CPU.ActiveCfg = Release|Any CPU
		{B986AF8F-D352-4F40-AF5D-ED9D497E4DC1}.Release|Any CPU.Build.0 = Release|Any CPU
		{B986AF8F-D352-4F40-AF5D-ED9D497E4DC1}.Release|x64.ActiveCfg = Release|Any CPU
		{B986AF8F-D352-4F40-AF5D-ED9D497E4DC1}.Release|x64.Build.0 = Release|Any CPU
		{B986AF8F-D352-4F40-AF5D-ED9D497E4DC1}.Release|x86.ActiveCfg = Release|Any CPU
		{B986AF8F-D352-4F40-AF5D-ED9D497E4DC1}.Release|x86.Build.0 = Release|Any CPU
		{656AE73D-A465-4352-B42B-B902E658A55E}.Debug|Any CPU.ActiveCfg = Debug|Any CPU
		{656AE73D-A465-4352-B42B-B902E658A55E}.Debug|Any CPU.Build.0 = Debug|Any CPU
		{656AE73D-A465-4352-B42B-B902E658A55E}.Debug|x64.ActiveCfg = Debug|Any CPU
		{656AE73D-A465-4352-B42B-B902E658A55E}.Debug|x64.Build.0 = Debug|Any CPU
		{656AE73D-A465-4352-B42B-B902E658A55E}.Debug|x86.ActiveCfg = Debug|Any CPU
		{656AE73D-A465-4352-B42B-B902E658A55E}.Debug|x86.Build.0 = Debug|Any CPU
		{656AE73D-A465-4352-B42B-B902E658A55E}.Release|Any CPU.ActiveCfg = Release|Any CPU
		{656AE73D-A465-4352-B42B-B902E658A55E}.Release|Any CPU.Build.0 = Release|Any CPU
		{656AE73D-A465-4352-B42B-B902E658A55E}.Release|x64.ActiveCfg = Release|Any CPU
		{656AE73D-A465-4352-B42B-B902E658A55E}.Release|x64.Build.0 = Release|Any CPU
		{656AE73D-A465-4352-B42B-B902E658A55E}.Release|x86.ActiveCfg = Release|Any CPU
		{656AE73D-A465-4352-B42B-B902E658A55E}.Release|x86.Build.0 = Release|Any CPU
		{8B38B94E-D6FA-4A08-9C27-2B3B355D8C6E}.Debug|Any CPU.ActiveCfg = Debug|Any CPU
		{8B38B94E-D6FA-4A08-9C27-2B3B355D8C6E}.Debug|Any CPU.Build.0 = Debug|Any CPU
		{8B38B94E-D6FA-4A08-9C27-2B3B355D8C6E}.Debug|x64.ActiveCfg = Debug|Any CPU
		{8B38B94E-D6FA-4A08-9C27-2B3B355D8C6E}.Debug|x64.Build.0 = Debug|Any CPU
		{8B38B94E-D6FA-4A08-9C27-2B3B355D8C6E}.Debug|x86.ActiveCfg = Debug|Any CPU
		{8B38B94E-D6FA-4A08-9C27-2B3B355D8C6E}.Debug|x86.Build.0 = Debug|Any CPU
		{8B38B94E-D6FA-4A08-9C27-2B3B355D8C6E}.Release|Any CPU.ActiveCfg = Release|Any CPU
		{8B38B94E-D6FA-4A08-9C27-2B3B355D8C6E}.Release|Any CPU.Build.0 = Release|Any CPU
		{8B38B94E-D6FA-4A08-9C27-2B3B355D8C6E}.Release|x64.ActiveCfg = Release|Any CPU
		{8B38B94E-D6FA-4A08-9C27-2B3B355D8C6E}.Release|x64.Build.0 = Release|Any CPU
		{8B38B94E-D6FA-4A08-9C27-2B3B355D8C6E}.Release|x86.ActiveCfg = Release|Any CPU
		{8B38B94E-D6FA-4A08-9C27-2B3B355D8C6E}.Release|x86.Build.0 = Release|Any CPU
		{CF1F3315-2DCC-4581-BAEE-2DC9806E56EC}.Debug|Any CPU.ActiveCfg = Debug|Any CPU
		{CF1F3315-2DCC-4581-BAEE-2DC9806E56EC}.Debug|Any CPU.Build.0 = Debug|Any CPU
		{CF1F3315-2DCC-4581-BAEE-2DC9806E56EC}.Debug|x64.ActiveCfg = Debug|Any CPU
		{CF1F3315-2DCC-4581-BAEE-2DC9806E56EC}.Debug|x64.Build.0 = Debug|Any CPU
		{CF1F3315-2DCC-4581-BAEE-2DC9806E56EC}.Debug|x86.ActiveCfg = Debug|Any CPU
		{CF1F3315-2DCC-4581-BAEE-2DC9806E56EC}.Debug|x86.Build.0 = Debug|Any CPU
		{CF1F3315-2DCC-4581-BAEE-2DC9806E56EC}.Release|Any CPU.ActiveCfg = Release|Any CPU
		{CF1F3315-2DCC-4581-BAEE-2DC9806E56EC}.Release|Any CPU.Build.0 = Release|Any CPU
		{CF1F3315-2DCC-4581-BAEE-2DC9806E56EC}.Release|x64.ActiveCfg = Release|Any CPU
		{CF1F3315-2DCC-4581-BAEE-2DC9806E56EC}.Release|x64.Build.0 = Release|Any CPU
		{CF1F3315-2DCC-4581-BAEE-2DC9806E56EC}.Release|x86.ActiveCfg = Release|Any CPU
		{CF1F3315-2DCC-4581-BAEE-2DC9806E56EC}.Release|x86.Build.0 = Release|Any CPU
		{22CC9932-BAA5-4A1B-9CA2-0BAB342DC003}.Debug|Any CPU.ActiveCfg = Debug|Any CPU
		{22CC9932-BAA5-4A1B-9CA2-0BAB342DC003}.Debug|Any CPU.Build.0 = Debug|Any CPU
		{22CC9932-BAA5-4A1B-9CA2-0BAB342DC003}.Debug|x64.ActiveCfg = Debug|Any CPU
		{22CC9932-BAA5-4A1B-9CA2-0BAB342DC003}.Debug|x64.Build.0 = Debug|Any CPU
		{22CC9932-BAA5-4A1B-9CA2-0BAB342DC003}.Debug|x86.ActiveCfg = Debug|Any CPU
		{22CC9932-BAA5-4A1B-9CA2-0BAB342DC003}.Debug|x86.Build.0 = Debug|Any CPU
		{22CC9932-BAA5-4A1B-9CA2-0BAB342DC003}.Release|Any CPU.ActiveCfg = Release|Any CPU
		{22CC9932-BAA5-4A1B-9CA2-0BAB342DC003}.Release|Any CPU.Build.0 = Release|Any CPU
		{22CC9932-BAA5-4A1B-9CA2-0BAB342DC003}.Release|x64.ActiveCfg = Release|Any CPU
		{22CC9932-BAA5-4A1B-9CA2-0BAB342DC003}.Release|x64.Build.0 = Release|Any CPU
		{22CC9932-BAA5-4A1B-9CA2-0BAB342DC003}.Release|x86.ActiveCfg = Release|Any CPU
		{22CC9932-BAA5-4A1B-9CA2-0BAB342DC003}.Release|x86.Build.0 = Release|Any CPU
		{8CFED147-F970-440D-8A7A-40A9EB021A4F}.Debug|Any CPU.ActiveCfg = Debug|Any CPU
		{8CFED147-F970-440D-8A7A-40A9EB021A4F}.Debug|Any CPU.Build.0 = Debug|Any CPU
		{8CFED147-F970-440D-8A7A-40A9EB021A4F}.Debug|x64.ActiveCfg = Debug|Any CPU
		{8CFED147-F970-440D-8A7A-40A9EB021A4F}.Debug|x64.Build.0 = Debug|Any CPU
		{8CFED147-F970-440D-8A7A-40A9EB021A4F}.Debug|x86.ActiveCfg = Debug|Any CPU
		{8CFED147-F970-440D-8A7A-40A9EB021A4F}.Debug|x86.Build.0 = Debug|Any CPU
		{8CFED147-F970-440D-8A7A-40A9EB021A4F}.Release|Any CPU.ActiveCfg = Release|Any CPU
		{8CFED147-F970-440D-8A7A-40A9EB021A4F}.Release|Any CPU.Build.0 = Release|Any CPU
		{8CFED147-F970-440D-8A7A-40A9EB021A4F}.Release|x64.ActiveCfg = Release|Any CPU
		{8CFED147-F970-440D-8A7A-40A9EB021A4F}.Release|x64.Build.0 = Release|Any CPU
		{8CFED147-F970-440D-8A7A-40A9EB021A4F}.Release|x86.ActiveCfg = Release|Any CPU
		{8CFED147-F970-440D-8A7A-40A9EB021A4F}.Release|x86.Build.0 = Release|Any CPU
		{08E42850-631C-4DFB-8875-88B4EDADEB72}.Debug|Any CPU.ActiveCfg = Debug|Any CPU
		{08E42850-631C-4DFB-8875-88B4EDADEB72}.Debug|Any CPU.Build.0 = Debug|Any CPU
		{08E42850-631C-4DFB-8875-88B4EDADEB72}.Debug|x64.ActiveCfg = Debug|Any CPU
		{08E42850-631C-4DFB-8875-88B4EDADEB72}.Debug|x64.Build.0 = Debug|Any CPU
		{08E42850-631C-4DFB-8875-88B4EDADEB72}.Debug|x86.ActiveCfg = Debug|Any CPU
		{08E42850-631C-4DFB-8875-88B4EDADEB72}.Debug|x86.Build.0 = Debug|Any CPU
		{08E42850-631C-4DFB-8875-88B4EDADEB72}.Release|Any CPU.ActiveCfg = Release|Any CPU
		{08E42850-631C-4DFB-8875-88B4EDADEB72}.Release|Any CPU.Build.0 = Release|Any CPU
		{08E42850-631C-4DFB-8875-88B4EDADEB72}.Release|x64.ActiveCfg = Release|Any CPU
		{08E42850-631C-4DFB-8875-88B4EDADEB72}.Release|x64.Build.0 = Release|Any CPU
		{08E42850-631C-4DFB-8875-88B4EDADEB72}.Release|x86.ActiveCfg = Release|Any CPU
		{08E42850-631C-4DFB-8875-88B4EDADEB72}.Release|x86.Build.0 = Release|Any CPU
	EndGlobalSection
	GlobalSection(SolutionProperties) = preSolution
		HideSolutionNode = FALSE
	EndGlobalSection
	GlobalSection(ExtensibilityGlobals) = postSolution
		SolutionGuid = {AFFEDF4C-EF24-4FD4-B66A-1123DB677223}
	EndGlobalSection
EndGlobal
