
Microsoft Visual Studio Solution File, Format Version 12.00
# Visual Studio Version 16
VisualStudioVersion = 16.0.30114.105
MinimumVisualStudioVersion = 10.0.40219.1
Project("{FAE04EC0-301F-11D3-BF4B-00C04F79EFBC}") = "R5T.S0034", "R5T.S0034\R5T.S0034.csproj", "{CE28A5CE-F492-4429-A658-23E3A2D2238D}"
EndProject
Project("{2150E333-8FDC-42A3-9474-1A3956D46DE8}") = "_Dependencies", "_Dependencies", "{3E9D7B75-AB36-452C-8262-EE069A82F939}"
EndProject
Project("{FAE04EC0-301F-11D3-BF4B-00C04F79EFBC}") = "R5T.Plymouth.ProgramAsAService", "..\..\R5T.Plymouth\source\R5T.Plymouth.ProgramAsAService\R5T.Plymouth.ProgramAsAService.csproj", "{E59DD3E3-15CA-4764-9522-2CD73BAD2B83}"
EndProject
Project("{FAE04EC0-301F-11D3-BF4B-00C04F79EFBC}") = "R5T.T0027.T009", "..\..\R5T.T0027\source\R5T.T0027.T009\R5T.T0027.T009.csproj", "{7834C672-9188-4779-BC4A-1C6FF778E261}"
EndProject
Project("{FAE04EC0-301F-11D3-BF4B-00C04F79EFBC}") = "R5T.S0034.Lib", "R5T.S0034.Lib\R5T.S0034.Lib.csproj", "{23B1B079-BD1F-450A-8D53-6FA6AFE6CA84}"
EndProject
Project("{FAE04EC0-301F-11D3-BF4B-00C04F79EFBC}") = "R5T.Magyar", "..\..\R5T.Magyar\source\R5T.Magyar\R5T.Magyar.csproj", "{92101E28-C7C4-4B2D-B383-AF04AA4F33B0}"
EndProject
Project("{FAE04EC0-301F-11D3-BF4B-00C04F79EFBC}") = "R5T.T0039.T002", "..\..\R5T.T0039\source\R5T.T0039.T002\R5T.T0039.T002.csproj", "{F2A6B28A-121A-4D51-BC9B-A5D98998CA00}"
EndProject
Global
	GlobalSection(SolutionConfigurationPlatforms) = preSolution
		Debug|Any CPU = Debug|Any CPU
		Debug|x64 = Debug|x64
		Debug|x86 = Debug|x86
		Release|Any CPU = Release|Any CPU
		Release|x64 = Release|x64
		Release|x86 = Release|x86
	EndGlobalSection
	GlobalSection(SolutionProperties) = preSolution
		HideSolutionNode = FALSE
	EndGlobalSection
	GlobalSection(ProjectConfigurationPlatforms) = postSolution
		{CE28A5CE-F492-4429-A658-23E3A2D2238D}.Debug|Any CPU.ActiveCfg = Debug|Any CPU
		{CE28A5CE-F492-4429-A658-23E3A2D2238D}.Debug|Any CPU.Build.0 = Debug|Any CPU
		{CE28A5CE-F492-4429-A658-23E3A2D2238D}.Debug|x64.ActiveCfg = Debug|Any CPU
		{CE28A5CE-F492-4429-A658-23E3A2D2238D}.Debug|x64.Build.0 = Debug|Any CPU
		{CE28A5CE-F492-4429-A658-23E3A2D2238D}.Debug|x86.ActiveCfg = Debug|Any CPU
		{CE28A5CE-F492-4429-A658-23E3A2D2238D}.Debug|x86.Build.0 = Debug|Any CPU
		{CE28A5CE-F492-4429-A658-23E3A2D2238D}.Release|Any CPU.ActiveCfg = Release|Any CPU
		{CE28A5CE-F492-4429-A658-23E3A2D2238D}.Release|Any CPU.Build.0 = Release|Any CPU
		{CE28A5CE-F492-4429-A658-23E3A2D2238D}.Release|x64.ActiveCfg = Release|Any CPU
		{CE28A5CE-F492-4429-A658-23E3A2D2238D}.Release|x64.Build.0 = Release|Any CPU
		{CE28A5CE-F492-4429-A658-23E3A2D2238D}.Release|x86.ActiveCfg = Release|Any CPU
		{CE28A5CE-F492-4429-A658-23E3A2D2238D}.Release|x86.Build.0 = Release|Any CPU
		{E59DD3E3-15CA-4764-9522-2CD73BAD2B83}.Debug|Any CPU.ActiveCfg = Debug|Any CPU
		{E59DD3E3-15CA-4764-9522-2CD73BAD2B83}.Debug|Any CPU.Build.0 = Debug|Any CPU
		{E59DD3E3-15CA-4764-9522-2CD73BAD2B83}.Debug|x64.ActiveCfg = Debug|Any CPU
		{E59DD3E3-15CA-4764-9522-2CD73BAD2B83}.Debug|x64.Build.0 = Debug|Any CPU
		{E59DD3E3-15CA-4764-9522-2CD73BAD2B83}.Debug|x86.ActiveCfg = Debug|Any CPU
		{E59DD3E3-15CA-4764-9522-2CD73BAD2B83}.Debug|x86.Build.0 = Debug|Any CPU
		{E59DD3E3-15CA-4764-9522-2CD73BAD2B83}.Release|Any CPU.ActiveCfg = Release|Any CPU
		{E59DD3E3-15CA-4764-9522-2CD73BAD2B83}.Release|Any CPU.Build.0 = Release|Any CPU
		{E59DD3E3-15CA-4764-9522-2CD73BAD2B83}.Release|x64.ActiveCfg = Release|Any CPU
		{E59DD3E3-15CA-4764-9522-2CD73BAD2B83}.Release|x64.Build.0 = Release|Any CPU
		{E59DD3E3-15CA-4764-9522-2CD73BAD2B83}.Release|x86.ActiveCfg = Release|Any CPU
		{E59DD3E3-15CA-4764-9522-2CD73BAD2B83}.Release|x86.Build.0 = Release|Any CPU
		{7834C672-9188-4779-BC4A-1C6FF778E261}.Debug|Any CPU.ActiveCfg = Debug|Any CPU
		{7834C672-9188-4779-BC4A-1C6FF778E261}.Debug|Any CPU.Build.0 = Debug|Any CPU
		{7834C672-9188-4779-BC4A-1C6FF778E261}.Debug|x64.ActiveCfg = Debug|Any CPU
		{7834C672-9188-4779-BC4A-1C6FF778E261}.Debug|x64.Build.0 = Debug|Any CPU
		{7834C672-9188-4779-BC4A-1C6FF778E261}.Debug|x86.ActiveCfg = Debug|Any CPU
		{7834C672-9188-4779-BC4A-1C6FF778E261}.Debug|x86.Build.0 = Debug|Any CPU
		{7834C672-9188-4779-BC4A-1C6FF778E261}.Release|Any CPU.ActiveCfg = Release|Any CPU
		{7834C672-9188-4779-BC4A-1C6FF778E261}.Release|Any CPU.Build.0 = Release|Any CPU
		{7834C672-9188-4779-BC4A-1C6FF778E261}.Release|x64.ActiveCfg = Release|Any CPU
		{7834C672-9188-4779-BC4A-1C6FF778E261}.Release|x64.Build.0 = Release|Any CPU
		{7834C672-9188-4779-BC4A-1C6FF778E261}.Release|x86.ActiveCfg = Release|Any CPU
		{7834C672-9188-4779-BC4A-1C6FF778E261}.Release|x86.Build.0 = Release|Any CPU
		{23B1B079-BD1F-450A-8D53-6FA6AFE6CA84}.Debug|Any CPU.ActiveCfg = Debug|Any CPU
		{23B1B079-BD1F-450A-8D53-6FA6AFE6CA84}.Debug|Any CPU.Build.0 = Debug|Any CPU
		{23B1B079-BD1F-450A-8D53-6FA6AFE6CA84}.Debug|x64.ActiveCfg = Debug|Any CPU
		{23B1B079-BD1F-450A-8D53-6FA6AFE6CA84}.Debug|x64.Build.0 = Debug|Any CPU
		{23B1B079-BD1F-450A-8D53-6FA6AFE6CA84}.Debug|x86.ActiveCfg = Debug|Any CPU
		{23B1B079-BD1F-450A-8D53-6FA6AFE6CA84}.Debug|x86.Build.0 = Debug|Any CPU
		{23B1B079-BD1F-450A-8D53-6FA6AFE6CA84}.Release|Any CPU.ActiveCfg = Release|Any CPU
		{23B1B079-BD1F-450A-8D53-6FA6AFE6CA84}.Release|Any CPU.Build.0 = Release|Any CPU
		{23B1B079-BD1F-450A-8D53-6FA6AFE6CA84}.Release|x64.ActiveCfg = Release|Any CPU
		{23B1B079-BD1F-450A-8D53-6FA6AFE6CA84}.Release|x64.Build.0 = Release|Any CPU
		{23B1B079-BD1F-450A-8D53-6FA6AFE6CA84}.Release|x86.ActiveCfg = Release|Any CPU
		{23B1B079-BD1F-450A-8D53-6FA6AFE6CA84}.Release|x86.Build.0 = Release|Any CPU
		{92101E28-C7C4-4B2D-B383-AF04AA4F33B0}.Debug|Any CPU.ActiveCfg = Debug|Any CPU
		{92101E28-C7C4-4B2D-B383-AF04AA4F33B0}.Debug|Any CPU.Build.0 = Debug|Any CPU
		{92101E28-C7C4-4B2D-B383-AF04AA4F33B0}.Debug|x64.ActiveCfg = Debug|Any CPU
		{92101E28-C7C4-4B2D-B383-AF04AA4F33B0}.Debug|x64.Build.0 = Debug|Any CPU
		{92101E28-C7C4-4B2D-B383-AF04AA4F33B0}.Debug|x86.ActiveCfg = Debug|Any CPU
		{92101E28-C7C4-4B2D-B383-AF04AA4F33B0}.Debug|x86.Build.0 = Debug|Any CPU
		{92101E28-C7C4-4B2D-B383-AF04AA4F33B0}.Release|Any CPU.ActiveCfg = Release|Any CPU
		{92101E28-C7C4-4B2D-B383-AF04AA4F33B0}.Release|Any CPU.Build.0 = Release|Any CPU
		{92101E28-C7C4-4B2D-B383-AF04AA4F33B0}.Release|x64.ActiveCfg = Release|Any CPU
		{92101E28-C7C4-4B2D-B383-AF04AA4F33B0}.Release|x64.Build.0 = Release|Any CPU
		{92101E28-C7C4-4B2D-B383-AF04AA4F33B0}.Release|x86.ActiveCfg = Release|Any CPU
		{92101E28-C7C4-4B2D-B383-AF04AA4F33B0}.Release|x86.Build.0 = Release|Any CPU
		{F2A6B28A-121A-4D51-BC9B-A5D98998CA00}.Debug|Any CPU.ActiveCfg = Debug|Any CPU
		{F2A6B28A-121A-4D51-BC9B-A5D98998CA00}.Debug|Any CPU.Build.0 = Debug|Any CPU
		{F2A6B28A-121A-4D51-BC9B-A5D98998CA00}.Debug|x64.ActiveCfg = Debug|Any CPU
		{F2A6B28A-121A-4D51-BC9B-A5D98998CA00}.Debug|x64.Build.0 = Debug|Any CPU
		{F2A6B28A-121A-4D51-BC9B-A5D98998CA00}.Debug|x86.ActiveCfg = Debug|Any CPU
		{F2A6B28A-121A-4D51-BC9B-A5D98998CA00}.Debug|x86.Build.0 = Debug|Any CPU
		{F2A6B28A-121A-4D51-BC9B-A5D98998CA00}.Release|Any CPU.ActiveCfg = Release|Any CPU
		{F2A6B28A-121A-4D51-BC9B-A5D98998CA00}.Release|Any CPU.Build.0 = Release|Any CPU
		{F2A6B28A-121A-4D51-BC9B-A5D98998CA00}.Release|x64.ActiveCfg = Release|Any CPU
		{F2A6B28A-121A-4D51-BC9B-A5D98998CA00}.Release|x64.Build.0 = Release|Any CPU
		{F2A6B28A-121A-4D51-BC9B-A5D98998CA00}.Release|x86.ActiveCfg = Release|Any CPU
		{F2A6B28A-121A-4D51-BC9B-A5D98998CA00}.Release|x86.Build.0 = Release|Any CPU
	EndGlobalSection
	GlobalSection(NestedProjects) = preSolution
		{E59DD3E3-15CA-4764-9522-2CD73BAD2B83} = {3E9D7B75-AB36-452C-8262-EE069A82F939}
		{7834C672-9188-4779-BC4A-1C6FF778E261} = {3E9D7B75-AB36-452C-8262-EE069A82F939}
		{92101E28-C7C4-4B2D-B383-AF04AA4F33B0} = {3E9D7B75-AB36-452C-8262-EE069A82F939}
		{F2A6B28A-121A-4D51-BC9B-A5D98998CA00} = {3E9D7B75-AB36-452C-8262-EE069A82F939}
	EndGlobalSection
EndGlobal
